
Microsoft Visual Studio Solution File, Format Version 11.00
# Visual Studio 2010
Project("{FAE04EC0-301F-11D3-BF4B-00C04F79EFBC}") = "Unite16TrainingDayPhase2", "Assembly-CSharp.csproj", "{5EBC97C9-079B-9E84-2F7D-8A1A11C93957}"
EndProject
Project("{FAE04EC0-301F-11D3-BF4B-00C04F79EFBC}") = "Unite16TrainingDayPhase2", "Assembly-CSharp-Editor.csproj", "{26837AD0-E638-7C4A-A86B-B868F08780D0}"
EndProject
Global
	GlobalSection(SolutionConfigurationPlatforms) = preSolution
		Debug|Any CPU = Debug|Any CPU
		Release|Any CPU = Release|Any CPU
	EndGlobalSection
	GlobalSection(ProjectConfigurationPlatforms) = postSolution
		{5EBC97C9-079B-9E84-2F7D-8A1A11C93957}.Debug|Any CPU.ActiveCfg = Debug|Any CPU
		{5EBC97C9-079B-9E84-2F7D-8A1A11C93957}.Debug|Any CPU.Build.0 = Debug|Any CPU
		{5EBC97C9-079B-9E84-2F7D-8A1A11C93957}.Release|Any CPU.ActiveCfg = Release|Any CPU
		{5EBC97C9-079B-9E84-2F7D-8A1A11C93957}.Release|Any CPU.Build.0 = Release|Any CPU
		{26837AD0-E638-7C4A-A86B-B868F08780D0}.Debug|Any CPU.ActiveCfg = Debug|Any CPU
		{26837AD0-E638-7C4A-A86B-B868F08780D0}.Debug|Any CPU.Build.0 = Debug|Any CPU
		{26837AD0-E638-7C4A-A86B-B868F08780D0}.Release|Any CPU.ActiveCfg = Release|Any CPU
		{26837AD0-E638-7C4A-A86B-B868F08780D0}.Release|Any CPU.Build.0 = Release|Any CPU
	EndGlobalSection
	GlobalSection(SolutionProperties) = preSolution
		HideSolutionNode = FALSE
	EndGlobalSection
	GlobalSection(MonoDevelopProperties) = preSolution
		StartupItem = Assembly-CSharp.csproj
	EndGlobalSection
EndGlobal
